// !$*UTF8*$!
{
	archiveVersion = 1;
	classes = {
	};
	objectVersion = 56;
	objects = {

/* Begin PBXBuildFile section */
		047EF3A22ADA353D00E9C52F /* W5_FlagAseanGuessApp.swift in Sources */ = {isa = PBXBuildFile; fileRef = 047EF3A12ADA353D00E9C52F /* W5_FlagAseanGuessApp.swift */; };
		047EF3A42ADA353D00E9C52F /* ContentView.swift in Sources */ = {isa = PBXBuildFile; fileRef = 047EF3A32ADA353D00E9C52F /* ContentView.swift */; };
		047EF3A62ADA353F00E9C52F /* Assets.xcassets in Resources */ = {isa = PBXBuildFile; fileRef = 047EF3A52ADA353F00E9C52F /* Assets.xcassets */; };
		047EF3A92ADA353F00E9C52F /* Preview Assets.xcassets in Resources */ = {isa = PBXBuildFile; fileRef = 047EF3A82ADA353F00E9C52F /* Preview Assets.xcassets */; };
		047EF3B32ADA353F00E9C52F /* W5_FlagAseanGuessTests.swift in Sources */ = {isa = PBXBuildFile; fileRef = 047EF3B22ADA353F00E9C52F /* W5_FlagAseanGuessTests.swift */; };
		047EF3BD2ADA353F00E9C52F /* W5_FlagAseanGuessUITests.swift in Sources */ = {isa = PBXBuildFile; fileRef = 047EF3BC2ADA353F00E9C52F /* W5_FlagAseanGuessUITests.swift */; };
		047EF3BF2ADA353F00E9C52F /* W5_FlagAseanGuessUITestsLaunchTests.swift in Sources */ = {isa = PBXBuildFile; fileRef = 047EF3BE2ADA353F00E9C52F /* W5_FlagAseanGuessUITestsLaunchTests.swift */; };
/* End PBXBuildFile section */

/* Begin PBXContainerItemProxy section */
		047EF3AF2ADA353F00E9C52F /* PBXContainerItemProxy */ = {
			isa = PBXContainerItemProxy;
			containerPortal = 047EF3962ADA353D00E9C52F /* Project object */;
			proxyType = 1;
			remoteGlobalIDString = 047EF39D2ADA353D00E9C52F;
			remoteInfo = W5_FlagAseanGuess;
		};
		047EF3B92ADA353F00E9C52F /* PBXContainerItemProxy */ = {
			isa = PBXContainerItemProxy;
			containerPortal = 047EF3962ADA353D00E9C52F /* Project object */;
			proxyType = 1;
			remoteGlobalIDString = 047EF39D2ADA353D00E9C52F;
			remoteInfo = W5_FlagAseanGuess;
		};
/* End PBXContainerItemProxy section */

/* Begin PBXFileReference section */
		047EF39E2ADA353D00E9C52F /* W5_FlagAseanGuess.app */ = {isa = PBXFileReference; explicitFileType = wrapper.application; includeInIndex = 0; path = W5_FlagAseanGuess.app; sourceTree = BUILT_PRODUCTS_DIR; };
		047EF3A12ADA353D00E9C52F /* W5_FlagAseanGuessApp.swift */ = {isa = PBXFileReference; lastKnownFileType = sourcecode.swift; path = W5_FlagAseanGuessApp.swift; sourceTree = "<group>"; };
		047EF3A32ADA353D00E9C52F /* ContentView.swift */ = {isa = PBXFileReference; lastKnownFileType = sourcecode.swift; path = ContentView.swift; sourceTree = "<group>"; };
		047EF3A52ADA353F00E9C52F /* Assets.xcassets */ = {isa = PBXFileReference; lastKnownFileType = folder.assetcatalog; path = Assets.xcassets; sourceTree = "<group>"; };
		047EF3A82ADA353F00E9C52F /* Preview Assets.xcassets */ = {isa = PBXFileReference; lastKnownFileType = folder.assetcatalog; path = "Preview Assets.xcassets"; sourceTree = "<group>"; };
		047EF3AE2ADA353F00E9C52F /* W5_FlagAseanGuessTests.xctest */ = {isa = PBXFileReference; explicitFileType = wrapper.cfbundle; includeInIndex = 0; path = W5_FlagAseanGuessTests.xctest; sourceTree = BUILT_PRODUCTS_DIR; };
		047EF3B22ADA353F00E9C52F /* W5_FlagAseanGuessTests.swift */ = {isa = PBXFileReference; lastKnownFileType = sourcecode.swift; path = W5_FlagAseanGuessTests.swift; sourceTree = "<group>"; };
		047EF3B82ADA353F00E9C52F /* W5_FlagAseanGuessUITests.xctest */ = {isa = PBXFileReference; explicitFileType = wrapper.cfbundle; includeInIndex = 0; path = W5_FlagAseanGuessUITests.xctest; sourceTree = BUILT_PRODUCTS_DIR; };
		047EF3BC2ADA353F00E9C52F /* W5_FlagAseanGuessUITests.swift */ = {isa = PBXFileReference; lastKnownFileType = sourcecode.swift; path = W5_FlagAseanGuessUITests.swift; sourceTree = "<group>"; };
		047EF3BE2ADA353F00E9C52F /* W5_FlagAseanGuessUITestsLaunchTests.swift */ = {isa = PBXFileReference; lastKnownFileType = sourcecode.swift; path = W5_FlagAseanGuessUITestsLaunchTests.swift; sourceTree = "<group>"; };
/* End PBXFileReference section */

/* Begin PBXFrameworksBuildPhase section */
		047EF39B2ADA353D00E9C52F /* Frameworks */ = {
			isa = PBXFrameworksBuildPhase;
			buildActionMask = 2147483647;
			files = (
			);
			runOnlyForDeploymentPostprocessing = 0;
		};
		047EF3AB2ADA353F00E9C52F /* Frameworks */ = {
			isa = PBXFrameworksBuildPhase;
			buildActionMask = 2147483647;
			files = (
			);
			runOnlyForDeploymentPostprocessing = 0;
		};
		047EF3B52ADA353F00E9C52F /* Frameworks */ = {
			isa = PBXFrameworksBuildPhase;
			buildActionMask = 2147483647;
			files = (
			);
			runOnlyForDeploymentPostprocessing = 0;
		};
/* End PBXFrameworksBuildPhase section */

/* Begin PBXGroup section */
		047EF3952ADA353D00E9C52F = {
			isa = PBXGroup;
			children = (
				047EF3A02ADA353D00E9C52F /* W5_FlagAseanGuess */,
				047EF3B12ADA353F00E9C52F /* W5_FlagAseanGuessTests */,
				047EF3BB2ADA353F00E9C52F /* W5_FlagAseanGuessUITests */,
				047EF39F2ADA353D00E9C52F /* Products */,
			);
			sourceTree = "<group>";
		};
		047EF39F2ADA353D00E9C52F /* Products */ = {
			isa = PBXGroup;
			children = (
				047EF39E2ADA353D00E9C52F /* W5_FlagAseanGuess.app */,
				047EF3AE2ADA353F00E9C52F /* W5_FlagAseanGuessTests.xctest */,
				047EF3B82ADA353F00E9C52F /* W5_FlagAseanGuessUITests.xctest */,
			);
			name = Products;
			sourceTree = "<group>";
		};
		047EF3A02ADA353D00E9C52F /* W5_FlagAseanGuess */ = {
			isa = PBXGroup;
			children = (
				047EF3A12ADA353D00E9C52F /* W5_FlagAseanGuessApp.swift */,
				047EF3A32ADA353D00E9C52F /* ContentView.swift */,
				047EF3A52ADA353F00E9C52F /* Assets.xcassets */,
				047EF3A72ADA353F00E9C52F /* Preview Content */,
			);
			path = W5_FlagAseanGuess;
			sourceTree = "<group>";
		};
		047EF3A72ADA353F00E9C52F /* Preview Content */ = {
			isa = PBXGroup;
			children = (
				047EF3A82ADA353F00E9C52F /* Preview Assets.xcassets */,
			);
			path = "Preview Content";
			sourceTree = "<group>";
		};
		047EF3B12ADA353F00E9C52F /* W5_FlagAseanGuessTests */ = {
			isa = PBXGroup;
			children = (
				047EF3B22ADA353F00E9C52F /* W5_FlagAseanGuessTests.swift */,
			);
			path = W5_FlagAseanGuessTests;
			sourceTree = "<group>";
		};
		047EF3BB2ADA353F00E9C52F /* W5_FlagAseanGuessUITests */ = {
			isa = PBXGroup;
			children = (
				047EF3BC2ADA353F00E9C52F /* W5_FlagAseanGuessUITests.swift */,
				047EF3BE2ADA353F00E9C52F /* W5_FlagAseanGuessUITestsLaunchTests.swift */,
			);
			path = W5_FlagAseanGuessUITests;
			sourceTree = "<group>";
		};
/* End PBXGroup section */

/* Begin PBXNativeTarget section */
		047EF39D2ADA353D00E9C52F /* W5_FlagAseanGuess */ = {
			isa = PBXNativeTarget;
			buildConfigurationList = 047EF3C22ADA353F00E9C52F /* Build configuration list for PBXNativeTarget "W5_FlagAseanGuess" */;
			buildPhases = (
				047EF39A2ADA353D00E9C52F /* Sources */,
				047EF39B2ADA353D00E9C52F /* Frameworks */,
				047EF39C2ADA353D00E9C52F /* Resources */,
			);
			buildRules = (
			);
			dependencies = (
			);
			name = W5_FlagAseanGuess;
			productName = W5_FlagAseanGuess;
			productReference = 047EF39E2ADA353D00E9C52F /* W5_FlagAseanGuess.app */;
			productType = "com.apple.product-type.application";
		};
		047EF3AD2ADA353F00E9C52F /* W5_FlagAseanGuessTests */ = {
			isa = PBXNativeTarget;
			buildConfigurationList = 047EF3C52ADA353F00E9C52F /* Build configuration list for PBXNativeTarget "W5_FlagAseanGuessTests" */;
			buildPhases = (
				047EF3AA2ADA353F00E9C52F /* Sources */,
				047EF3AB2ADA353F00E9C52F /* Frameworks */,
				047EF3AC2ADA353F00E9C52F /* Resources */,
			);
			buildRules = (
			);
			dependencies = (
				047EF3B02ADA353F00E9C52F /* PBXTargetDependency */,
			);
			name = W5_FlagAseanGuessTests;
			productName = W5_FlagAseanGuessTests;
			productReference = 047EF3AE2ADA353F00E9C52F /* W5_FlagAseanGuessTests.xctest */;
			productType = "com.apple.product-type.bundle.unit-test";
		};
		047EF3B72ADA353F00E9C52F /* W5_FlagAseanGuessUITests */ = {
			isa = PBXNativeTarget;
			buildConfigurationList = 047EF3C82ADA353F00E9C52F /* Build configuration list for PBXNativeTarget "W5_FlagAseanGuessUITests" */;
			buildPhases = (
				047EF3B42ADA353F00E9C52F /* Sources */,
				047EF3B52ADA353F00E9C52F /* Frameworks */,
				047EF3B62ADA353F00E9C52F /* Resources */,
			);
			buildRules = (
			);
			dependencies = (
				047EF3BA2ADA353F00E9C52F /* PBXTargetDependency */,
			);
			name = W5_FlagAseanGuessUITests;
			productName = W5_FlagAseanGuessUITests;
			productReference = 047EF3B82ADA353F00E9C52F /* W5_FlagAseanGuessUITests.xctest */;
			productType = "com.apple.product-type.bundle.ui-testing";
		};
/* End PBXNativeTarget section */

/* Begin PBXProject section */
		047EF3962ADA353D00E9C52F /* Project object */ = {
			isa = PBXProject;
			attributes = {
				BuildIndependentTargetsInParallel = 1;
				LastSwiftUpdateCheck = 1500;
				LastUpgradeCheck = 1500;
				TargetAttributes = {
					047EF39D2ADA353D00E9C52F = {
						CreatedOnToolsVersion = 15.0;
					};
					047EF3AD2ADA353F00E9C52F = {
						CreatedOnToolsVersion = 15.0;
						TestTargetID = 047EF39D2ADA353D00E9C52F;
					};
					047EF3B72ADA353F00E9C52F = {
						CreatedOnToolsVersion = 15.0;
						TestTargetID = 047EF39D2ADA353D00E9C52F;
					};
				};
			};
			buildConfigurationList = 047EF3992ADA353D00E9C52F /* Build configuration list for PBXProject "W5_FlagAseanGuess" */;
			compatibilityVersion = "Xcode 14.0";
			developmentRegion = en;
			hasScannedForEncodings = 0;
			knownRegions = (
				en,
				Base,
			);
			mainGroup = 047EF3952ADA353D00E9C52F;
			productRefGroup = 047EF39F2ADA353D00E9C52F /* Products */;
			projectDirPath = "";
			projectRoot = "";
			targets = (
				047EF39D2ADA353D00E9C52F /* W5_FlagAseanGuess */,
				047EF3AD2ADA353F00E9C52F /* W5_FlagAseanGuessTests */,
				047EF3B72ADA353F00E9C52F /* W5_FlagAseanGuessUITests */,
			);
		};
/* End PBXProject section */

/* Begin PBXResourcesBuildPhase section */
		047EF39C2ADA353D00E9C52F /* Resources */ = {
			isa = PBXResourcesBuildPhase;
			buildActionMask = 2147483647;
			files = (
				047EF3A92ADA353F00E9C52F /* Preview Assets.xcassets in Resources */,
				047EF3A62ADA353F00E9C52F /* Assets.xcassets in Resources */,
			);
			runOnlyForDeploymentPostprocessing = 0;
		};
		047EF3AC2ADA353F00E9C52F /* Resources */ = {
			isa = PBXResourcesBuildPhase;
			buildActionMask = 2147483647;
			files = (
			);
			runOnlyForDeploymentPostprocessing = 0;
		};
		047EF3B62ADA353F00E9C52F /* Resources */ = {
			isa = PBXResourcesBuildPhase;
			buildActionMask = 2147483647;
			files = (
			);
			runOnlyForDeploymentPostprocessing = 0;
		};
/* End PBXResourcesBuildPhase section */

/* Begin PBXSourcesBuildPhase section */
		047EF39A2ADA353D00E9C52F /* Sources */ = {
			isa = PBXSourcesBuildPhase;
			buildActionMask = 2147483647;
			files = (
				047EF3A42ADA353D00E9C52F /* ContentView.swift in Sources */,
				047EF3A22ADA353D00E9C52F /* W5_FlagAseanGuessApp.swift in Sources */,
			);
			runOnlyForDeploymentPostprocessing = 0;
		};
		047EF3AA2ADA353F00E9C52F /* Sources */ = {
			isa = PBXSourcesBuildPhase;
			buildActionMask = 2147483647;
			files = (
				047EF3B32ADA353F00E9C52F /* W5_FlagAseanGuessTests.swift in Sources */,
			);
			runOnlyForDeploymentPostprocessing = 0;
		};
		047EF3B42ADA353F00E9C52F /* Sources */ = {
			isa = PBXSourcesBuildPhase;
			buildActionMask = 2147483647;
			files = (
				047EF3BD2ADA353F00E9C52F /* W5_FlagAseanGuessUITests.swift in Sources */,
				047EF3BF2ADA353F00E9C52F /* W5_FlagAseanGuessUITestsLaunchTests.swift in Sources */,
			);
			runOnlyForDeploymentPostprocessing = 0;
		};
/* End PBXSourcesBuildPhase section */

/* Begin PBXTargetDependency section */
		047EF3B02ADA353F00E9C52F /* PBXTargetDependency */ = {
			isa = PBXTargetDependency;
			target = 047EF39D2ADA353D00E9C52F /* W5_FlagAseanGuess */;
			targetProxy = 047EF3AF2ADA353F00E9C52F /* PBXContainerItemProxy */;
		};
		047EF3BA2ADA353F00E9C52F /* PBXTargetDependency */ = {
			isa = PBXTargetDependency;
			target = 047EF39D2ADA353D00E9C52F /* W5_FlagAseanGuess */;
			targetProxy = 047EF3B92ADA353F00E9C52F /* PBXContainerItemProxy */;
		};
/* End PBXTargetDependency section */

/* Begin XCBuildConfiguration section */
		047EF3C02ADA353F00E9C52F /* Debug */ = {
			isa = XCBuildConfiguration;
			buildSettings = {
				ALWAYS_SEARCH_USER_PATHS = NO;
				ASSETCATALOG_COMPILER_GENERATE_SWIFT_ASSET_SYMBOL_EXTENSIONS = YES;
				CLANG_ANALYZER_NONNULL = YES;
				CLANG_ANALYZER_NUMBER_OBJECT_CONVERSION = YES_AGGRESSIVE;
				CLANG_CXX_LANGUAGE_STANDARD = "gnu++20";
				CLANG_ENABLE_MODULES = YES;
				CLANG_ENABLE_OBJC_ARC = YES;
				CLANG_ENABLE_OBJC_WEAK = YES;
				CLANG_WARN_BLOCK_CAPTURE_AUTORELEASING = YES;
				CLANG_WARN_BOOL_CONVERSION = YES;
				CLANG_WARN_COMMA = YES;
				CLANG_WARN_CONSTANT_CONVERSION = YES;
				CLANG_WARN_DEPRECATED_OBJC_IMPLEMENTATIONS = YES;
				CLANG_WARN_DIRECT_OBJC_ISA_USAGE = YES_ERROR;
				CLANG_WARN_DOCUMENTATION_COMMENTS = YES;
				CLANG_WARN_EMPTY_BODY = YES;
				CLANG_WARN_ENUM_CONVERSION = YES;
				CLANG_WARN_INFINITE_RECURSION = YES;
				CLANG_WARN_INT_CONVERSION = YES;
				CLANG_WARN_NON_LITERAL_NULL_CONVERSION = YES;
				CLANG_WARN_OBJC_IMPLICIT_RETAIN_SELF = YES;
				CLANG_WARN_OBJC_LITERAL_CONVERSION = YES;
				CLANG_WARN_OBJC_ROOT_CLASS = YES_ERROR;
				CLANG_WARN_QUOTED_INCLUDE_IN_FRAMEWORK_HEADER = YES;
				CLANG_WARN_RANGE_LOOP_ANALYSIS = YES;
				CLANG_WARN_STRICT_PROTOTYPES = YES;
				CLANG_WARN_SUSPICIOUS_MOVE = YES;
				CLANG_WARN_UNGUARDED_AVAILABILITY = YES_AGGRESSIVE;
				CLANG_WARN_UNREACHABLE_CODE = YES;
				CLANG_WARN__DUPLICATE_METHOD_MATCH = YES;
				COPY_PHASE_STRIP = NO;
				DEBUG_INFORMATION_FORMAT = dwarf;
				ENABLE_STRICT_OBJC_MSGSEND = YES;
				ENABLE_TESTABILITY = YES;
				ENABLE_USER_SCRIPT_SANDBOXING = YES;
				GCC_C_LANGUAGE_STANDARD = gnu17;
				GCC_DYNAMIC_NO_PIC = NO;
				GCC_NO_COMMON_BLOCKS = YES;
				GCC_OPTIMIZATION_LEVEL = 0;
				GCC_PREPROCESSOR_DEFINITIONS = (
					"DEBUG=1",
					"$(inherited)",
				);
				GCC_WARN_64_TO_32_BIT_CONVERSION = YES;
				GCC_WARN_ABOUT_RETURN_TYPE = YES_ERROR;
				GCC_WARN_UNDECLARED_SELECTOR = YES;
				GCC_WARN_UNINITIALIZED_AUTOS = YES_AGGRESSIVE;
				GCC_WARN_UNUSED_FUNCTION = YES;
				GCC_WARN_UNUSED_VARIABLE = YES;
				IPHONEOS_DEPLOYMENT_TARGET = 17.0;
				LOCALIZATION_PREFERS_STRING_CATALOGS = YES;
				MTL_ENABLE_DEBUG_INFO = INCLUDE_SOURCE;
				MTL_FAST_MATH = YES;
				ONLY_ACTIVE_ARCH = YES;
				SDKROOT = iphoneos;
				SWIFT_ACTIVE_COMPILATION_CONDITIONS = "DEBUG $(inherited)";
				SWIFT_OPTIMIZATION_LEVEL = "-Onone";
			};
			name = Debug;
		};
		047EF3C12ADA353F00E9C52F /* Release */ = {
			isa = XCBuildConfiguration;
			buildSettings = {
				ALWAYS_SEARCH_USER_PATHS = NO;
				ASSETCATALOG_COMPILER_GENERATE_SWIFT_ASSET_SYMBOL_EXTENSIONS = YES;
				CLANG_ANALYZER_NONNULL = YES;
				CLANG_ANALYZER_NUMBER_OBJECT_CONVERSION = YES_AGGRESSIVE;
				CLANG_CXX_LANGUAGE_STANDARD = "gnu++20";
				CLANG_ENABLE_MODULES = YES;
				CLANG_ENABLE_OBJC_ARC = YES;
				CLANG_ENABLE_OBJC_WEAK = YES;
				CLANG_WARN_BLOCK_CAPTURE_AUTORELEASING = YES;
				CLANG_WARN_BOOL_CONVERSION = YES;
				CLANG_WARN_COMMA = YES;
				CLANG_WARN_CONSTANT_CONVERSION = YES;
				CLANG_WARN_DEPRECATED_OBJC_IMPLEMENTATIONS = YES;
				CLANG_WARN_DIRECT_OBJC_ISA_USAGE = YES_ERROR;
				CLANG_WARN_DOCUMENTATION_COMMENTS = YES;
				CLANG_WARN_EMPTY_BODY = YES;
				CLANG_WARN_ENUM_CONVERSION = YES;
				CLANG_WARN_INFINITE_RECURSION = YES;
				CLANG_WARN_INT_CONVERSION = YES;
				CLANG_WARN_NON_LITERAL_NULL_CONVERSION = YES;
				CLANG_WARN_OBJC_IMPLICIT_RETAIN_SELF = YES;
				CLANG_WARN_OBJC_LITERAL_CONVERSION = YES;
				CLANG_WARN_OBJC_ROOT_CLASS = YES_ERROR;
				CLANG_WARN_QUOTED_INCLUDE_IN_FRAMEWORK_HEADER = YES;
				CLANG_WARN_RANGE_LOOP_ANALYSIS = YES;
				CLANG_WARN_STRICT_PROTOTYPES = YES;
				CLANG_WARN_SUSPICIOUS_MOVE = YES;
				CLANG_WARN_UNGUARDED_AVAILABILITY = YES_AGGRESSIVE;
				CLANG_WARN_UNREACHABLE_CODE = YES;
				CLANG_WARN__DUPLICATE_METHOD_MATCH = YES;
				COPY_PHASE_STRIP = NO;
				DEBUG_INFORMATION_FORMAT = "dwarf-with-dsym";
				ENABLE_NS_ASSERTIONS = NO;
				ENABLE_STRICT_OBJC_MSGSEND = YES;
				ENABLE_USER_SCRIPT_SANDBOXING = YES;
				GCC_C_LANGUAGE_STANDARD = gnu17;
				GCC_NO_COMMON_BLOCKS = YES;
				GCC_WARN_64_TO_32_BIT_CONVERSION = YES;
				GCC_WARN_ABOUT_RETURN_TYPE = YES_ERROR;
				GCC_WARN_UNDECLARED_SELECTOR = YES;
				GCC_WARN_UNINITIALIZED_AUTOS = YES_AGGRESSIVE;
				GCC_WARN_UNUSED_FUNCTION = YES;
				GCC_WARN_UNUSED_VARIABLE = YES;
				IPHONEOS_DEPLOYMENT_TARGET = 17.0;
				LOCALIZATION_PREFERS_STRING_CATALOGS = YES;
				MTL_ENABLE_DEBUG_INFO = NO;
				MTL_FAST_MATH = YES;
				SDKROOT = iphoneos;
				SWIFT_COMPILATION_MODE = wholemodule;
				VALIDATE_PRODUCT = YES;
			};
			name = Release;
		};
		047EF3C32ADA353F00E9C52F /* Debug */ = {
			isa = XCBuildConfiguration;
			buildSettings = {
				ASSETCATALOG_COMPILER_APPICON_NAME = AppIcon;
				ASSETCATALOG_COMPILER_GLOBAL_ACCENT_COLOR_NAME = AccentColor;
				CODE_SIGN_STYLE = Automatic;
				CURRENT_PROJECT_VERSION = 1;
				DEVELOPMENT_ASSET_PATHS = "\"W5_FlagAseanGuess/Preview Content\"";
				ENABLE_PREVIEWS = YES;
				GENERATE_INFOPLIST_FILE = YES;
				INFOPLIST_KEY_UIApplicationSceneManifest_Generation = YES;
				INFOPLIST_KEY_UIApplicationSupportsIndirectInputEvents = YES;
				INFOPLIST_KEY_UILaunchScreen_Generation = YES;
				INFOPLIST_KEY_UISupportedInterfaceOrientations_iPad = "UIInterfaceOrientationPortrait UIInterfaceOrientationPortraitUpsideDown UIInterfaceOrientationLandscapeLeft UIInterfaceOrientationLandscapeRight";
				INFOPLIST_KEY_UISupportedInterfaceOrientations_iPhone = "UIInterfaceOrientationPortrait UIInterfaceOrientationLandscapeLeft UIInterfaceOrientationLandscapeRight";
				LD_RUNPATH_SEARCH_PATHS = (
					"$(inherited)",
					"@executable_path/Frameworks",
				);
				MARKETING_VERSION = 1.0;
				PRODUCT_BUNDLE_IDENTIFIER = "vanessa-christie.W5-FlagAseanGuess";
				PRODUCT_NAME = "$(TARGET_NAME)";
				SWIFT_EMIT_LOC_STRINGS = YES;
				SWIFT_VERSION = 5.0;
				TARGETED_DEVICE_FAMILY = "1,2";
			};
			name = Debug;
		};
		047EF3C42ADA353F00E9C52F /* Release */ = {
			isa = XCBuildConfiguration;
			buildSettings = {
				ASSETCATALOG_COMPILER_APPICON_NAME = AppIcon;
				ASSETCATALOG_COMPILER_GLOBAL_ACCENT_COLOR_NAME = AccentColor;
				CODE_SIGN_STYLE = Automatic;
				CURRENT_PROJECT_VERSION = 1;
				DEVELOPMENT_ASSET_PATHS = "\"W5_FlagAseanGuess/Preview Content\"";
				ENABLE_PREVIEWS = YES;
				GENERATE_INFOPLIST_FILE = YES;
				INFOPLIST_KEY_UIApplicationSceneManifest_Generation = YES;
				INFOPLIST_KEY_UIApplicationSupportsIndirectInputEvents = YES;
				INFOPLIST_KEY_UILaunchScreen_Generation = YES;
				INFOPLIST_KEY_UISupportedInterfaceOrientations_iPad = "UIInterfaceOrientationPortrait UIInterfaceOrientationPortraitUpsideDown UIInterfaceOrientationLandscapeLeft UIInterfaceOrientationLandscapeRight";
				INFOPLIST_KEY_UISupportedInterfaceOrientations_iPhone = "UIInterfaceOrientationPortrait UIInterfaceOrientationLandscapeLeft UIInterfaceOrientationLandscapeRight";
				LD_RUNPATH_SEARCH_PATHS = (
					"$(inherited)",
					"@executable_path/Frameworks",
				);
				MARKETING_VERSION = 1.0;
				PRODUCT_BUNDLE_IDENTIFIER = "vanessa-christie.W5-FlagAseanGuess";
				PRODUCT_NAME = "$(TARGET_NAME)";
				SWIFT_EMIT_LOC_STRINGS = YES;
				SWIFT_VERSION = 5.0;
				TARGETED_DEVICE_FAMILY = "1,2";
			};
			name = Release;
		};
		047EF3C62ADA353F00E9C52F /* Debug */ = {
			isa = XCBuildConfiguration;
			buildSettings = {
				ALWAYS_EMBED_SWIFT_STANDARD_LIBRARIES = YES;
				BUNDLE_LOADER = "$(TEST_HOST)";
				CODE_SIGN_STYLE = Automatic;
				CURRENT_PROJECT_VERSION = 1;
				GENERATE_INFOPLIST_FILE = YES;
				IPHONEOS_DEPLOYMENT_TARGET = 17.0;
				MARKETING_VERSION = 1.0;
				PRODUCT_BUNDLE_IDENTIFIER = "vanessa-christie.W5-FlagAseanGuessTests";
				PRODUCT_NAME = "$(TARGET_NAME)";
				SWIFT_EMIT_LOC_STRINGS = NO;
				SWIFT_VERSION = 5.0;
				TARGETED_DEVICE_FAMILY = "1,2";
				TEST_HOST = "$(BUILT_PRODUCTS_DIR)/W5_FlagAseanGuess.app/$(BUNDLE_EXECUTABLE_FOLDER_PATH)/W5_FlagAseanGuess";
			};
			name = Debug;
		};
		047EF3C72ADA353F00E9C52F /* Release */ = {
			isa = XCBuildConfiguration;
			buildSettings = {
				ALWAYS_EMBED_SWIFT_STANDARD_LIBRARIES = YES;
				BUNDLE_LOADER = "$(TEST_HOST)";
				CODE_SIGN_STYLE = Automatic;
				CURRENT_PROJECT_VERSION = 1;
				GENERATE_INFOPLIST_FILE = YES;
				IPHONEOS_DEPLOYMENT_TARGET = 17.0;
				MARKETING_VERSION = 1.0;
				PRODUCT_BUNDLE_IDENTIFIER = "vanessa-christie.W5-FlagAseanGuessTests";
				PRODUCT_NAME = "$(TARGET_NAME)";
				SWIFT_EMIT_LOC_STRINGS = NO;
				SWIFT_VERSION = 5.0;
				TARGETED_DEVICE_FAMILY = "1,2";
				TEST_HOST = "$(BUILT_PRODUCTS_DIR)/W5_FlagAseanGuess.app/$(BUNDLE_EXECUTABLE_FOLDER_PATH)/W5_FlagAseanGuess";
			};
			name = Release;
		};
		047EF3C92ADA353F00E9C52F /* Debug */ = {
			isa = XCBuildConfiguration;
			buildSettings = {
				ALWAYS_EMBED_SWIFT_STANDARD_LIBRARIES = YES;
				CODE_SIGN_STYLE = Automatic;
				CURRENT_PROJECT_VERSION = 1;
				GENERATE_INFOPLIST_FILE = YES;
				MARKETING_VERSION = 1.0;
				PRODUCT_BUNDLE_IDENTIFIER = "vanessa-christie.W5-FlagAseanGuessUITests";
				PRODUCT_NAME = "$(TARGET_NAME)";
				SWIFT_EMIT_LOC_STRINGS = NO;
				SWIFT_VERSION = 5.0;
				TARGETED_DEVICE_FAMILY = "1,2";
				TEST_TARGET_NAME = W5_FlagAseanGuess;
			};
			name = Debug;
		};
		047EF3CA2ADA353F00E9C52F /* Release */ = {
			isa = XCBuildConfiguration;
			buildSettings = {
				ALWAYS_EMBED_SWIFT_STANDARD_LIBRARIES = YES;
				CODE_SIGN_STYLE = Automatic;
				CURRENT_PROJECT_VERSION = 1;
				GENERATE_INFOPLIST_FILE = YES;
				MARKETING_VERSION = 1.0;
				PRODUCT_BUNDLE_IDENTIFIER = "vanessa-christie.W5-FlagAseanGuessUITests";
				PRODUCT_NAME = "$(TARGET_NAME)";
				SWIFT_EMIT_LOC_STRINGS = NO;
				SWIFT_VERSION = 5.0;
				TARGETED_DEVICE_FAMILY = "1,2";
				TEST_TARGET_NAME = W5_FlagAseanGuess;
			};
			name = Release;
		};
/* End XCBuildConfiguration section */

/* Begin XCConfigurationList section */
		047EF3992ADA353D00E9C52F /* Build configuration list for PBXProject "W5_FlagAseanGuess" */ = {
			isa = XCConfigurationList;
			buildConfigurations = (
				047EF3C02ADA353F00E9C52F /* Debug */,
				047EF3C12ADA353F00E9C52F /* Release */,
			);
			defaultConfigurationIsVisible = 0;
			defaultConfigurationName = Release;
		};
		047EF3C22ADA353F00E9C52F /* Build configuration list for PBXNativeTarget "W5_FlagAseanGuess" */ = {
			isa = XCConfigurationList;
			buildConfigurations = (
				047EF3C32ADA353F00E9C52F /* Debug */,
				047EF3C42ADA353F00E9C52F /* Release */,
			);
			defaultConfigurationIsVisible = 0;
			defaultConfigurationName = Release;
		};
		047EF3C52ADA353F00E9C52F /* Build configuration list for PBXNativeTarget "W5_FlagAseanGuessTests" */ = {
			isa = XCConfigurationList;
			buildConfigurations = (
				047EF3C62ADA353F00E9C52F /* Debug */,
				047EF3C72ADA353F00E9C52F /* Release */,
			);
			defaultConfigurationIsVisible = 0;
			defaultConfigurationName = Release;
		};
		047EF3C82ADA353F00E9C52F /* Build configuration list for PBXNativeTarget "W5_FlagAseanGuessUITests" */ = {
			isa = XCConfigurationList;
			buildConfigurations = (
				047EF3C92ADA353F00E9C52F /* Debug */,
				047EF3CA2ADA353F00E9C52F /* Release */,
			);
			defaultConfigurationIsVisible = 0;
			defaultConfigurationName = Release;
		};
/* End XCConfigurationList section */
	};
	rootObject = 047EF3962ADA353D00E9C52F /* Project object */;
}
